{
  "R": {
    "Version": "4.0.4",
    "Repositories": [
      {
        "Name": "TERCEN",
        "URL": "https://cran.tercen.com/api/v1/rlib/tercen"
      },
      {
        "Name": "CRAN",
        "URL": "https://cran.tercen.com/api/v1/rlib/CRAN"
      },
      {
        "Name": "BioCsoft",
        "URL": "https://cran.tercen.com/api/v1/rlib/BioCsoft-3.12"
      },
      {
        "Name": "BioCann",
        "URL": "https://cran.tercen.com/api/v1/rlib/BioCann-3.12"
      },
      {
        "Name": "BioCexp",
        "URL": "https://cran.tercen.com/api/v1/rlib/BioCexp-3.12"
      },
      {
        "Name": "BioCworkflows",
        "URL": "https://cran.tercen.com/api/v1/rlib/BioCworkflows-3.12"
      }
    ]
  },
  "Packages": {
    "MASS": {
      "Package": "MASS",
      "Version": "7.3-54",
      "Source": "Repository",
      "Repository": "CRAN",
      "Hash": "0e59129db205112e3963904db67fd0dc"
    },
    "Matrix": {
      "Package": "Matrix",
      "Version": "1.3-4",
      "Source": "Repository",
      "Repository": "CRAN",
      "Hash": "4ed05e9c9726267e4a5872e09c04587c"
    },
    "R6": {
      "Package": "R6",
      "Version": "2.5.0",
      "Source": "Repository",
      "Repository": "RSPM",
      "Hash": "b203113193e70978a696b2809525649d"
    },
    "Rcpp": {
      "Package": "Rcpp",
      "Version": "1.0.7",
      "Source": "Repository",
      "Repository": "CRAN",
      "Hash": "dab19adae4440ae55aa8a9d238b246bb"
    },
    "TH.data": {
      "Package": "TH.data",
      "Version": "1.1-0",
      "Source": "Repository",
      "Repository": "CRAN",
      "Hash": "26f97c62cab23881762215e12b43f99b"
    },
    "askpass": {
      "Package": "askpass",
      "Version": "1.1",
      "Source": "Repository",
      "Repository": "RSPM",
      "Hash": "e8a22846fff485f0be3770c2da758713"
    },
    "assertthat": {
      "Package": "assertthat",
      "Version": "0.2.1",
      "Source": "Repository",
      "Repository": "RSPM",
      "Hash": "50c838a310445e954bc13f26f26a6ecf"
    },
    "cli": {
      "Package": "cli",
      "Version": "2.3.1",
      "Source": "Repository",
      "Repository": "RSPM",
      "Hash": "3e3f28efcadfda442cd18651fbcbbecf"
    },
    "codetools": {
      "Package": "codetools",
      "Version": "0.2-18",
      "Source": "Repository",
      "Repository": "CRAN",
      "Hash": "019388fc48e48b3da0d3a76ff94608a8"
    },
    "crayon": {
      "Package": "crayon",
      "Version": "1.4.1",
      "Source": "Repository",
      "Repository": "RSPM",
      "Hash": "e75525c55c70e5f4f78c9960a4b402e9"
    },
    "digest": {
      "Package": "digest",
      "Version": "0.6.27",
      "Source": "Repository",
      "Repository": "RSPM",
      "Hash": "a0cbe758a531d054b537d16dff4d58a1"
    },
    "dplyr": {
      "Package": "dplyr",
      "Version": "1.0.4",
      "Source": "Repository",
      "Repository": "RSPM",
      "Hash": "01c82e3b053eb7660a8ace8d932265b8"
    },
    "ellipsis": {
      "Package": "ellipsis",
      "Version": "0.3.1",
      "Source": "Repository",
      "Repository": "RSPM",
      "Hash": "fd2844b3a43ae2d27e70ece2df1b4e2a"
    },
    "fansi": {
      "Package": "fansi",
      "Version": "0.4.2",
      "Source": "Repository",
      "Repository": "RSPM",
      "Hash": "fea074fb67fe4c25d47ad09087da847d"
    },
    "generics": {
      "Package": "generics",
      "Version": "0.1.0",
      "Source": "Repository",
      "Repository": "RSPM",
      "Hash": "4d243a9c10b00589889fe32314ffd902"
    },
    "glue": {
      "Package": "glue",
      "Version": "1.4.2",
      "Source": "Repository",
      "Repository": "RSPM",
      "Hash": "6efd734b14c6471cfe443345f3e35e29"
    },
    "lattice": {
      "Package": "lattice",
      "Version": "0.20-45",
      "Source": "Repository",
      "Repository": "CRAN",
      "Hash": "b64cdbb2b340437c4ee047a1f4c4377b"
    },
    "lifecycle": {
      "Package": "lifecycle",
      "Version": "1.0.0",
      "Source": "Repository",
      "Repository": "RSPM",
      "Hash": "3471fb65971f1a7b2d4ae7848cf2db8d"
    },
    "magrittr": {
      "Package": "magrittr",
      "Version": "2.0.1",
      "Source": "Repository",
      "Repository": "RSPM",
      "Hash": "41287f1ac7d28a92f0a286ed507928d3"
    },
    "mtercen": {
      "Package": "mtercen",
      "Version": "1.0.8",
      "Source": "Repository",
      "Repository": "TERCEN",
      "Hash": "27b03b2685b9424f08521ea09d24860e"
    },
    "multcomp": {
      "Package": "multcomp",
      "Version": "1.4-17",
      "Source": "Repository",
      "Repository": "CRAN",
      "Hash": "4ea2d10edb2bd6a12553d2ab2e7fffbd"
    },
    "mvtnorm": {
      "Package": "mvtnorm",
      "Version": "1.1-3",
      "Source": "Repository",
      "Repository": "CRAN",
      "Hash": "7a7541cc284cb2ba3ba7eae645892af5"
    },
    "openssl": {
      "Package": "openssl",
      "Version": "1.4.3",
      "Source": "Repository",
      "Repository": "RSPM",
      "Hash": "a399e4773075fc2375b71f45fca186c4"
    },
    "pgCheckInput": {
      "Package": "pgCheckInput",
      "Version": "3.5",
      "Source": "GitHub",
      "RemoteType": "github",
      "RemoteHost": "api.github.com",
      "RemoteRepo": "pgcheckinput",
      "RemoteUsername": "tercen",
      "RemoteRef": "HEAD",
      "RemoteSha": "a39c847a6e1f51c3ae26a2e17f41c3d4c5598120",
      "Hash": "50904f12eddb998c3ef1564df55f5801"
    },
    "pillar": {
      "Package": "pillar",
      "Version": "1.5.0",
      "Source": "Repository",
      "Repository": "RSPM",
      "Hash": "39a778e4e487ded8b1bf5bb617c567b3"
    },
    "pkgconfig": {
      "Package": "pkgconfig",
      "Version": "2.0.3",
      "Source": "Repository",
      "Repository": "RSPM",
      "Hash": "01f28d4278f15c76cddbea05899c5d6f"
    },
    "plyr": {
      "Package": "plyr",
      "Version": "1.8.6",
      "Source": "Repository",
      "Repository": "CRAN",
      "Hash": "ec0e5ab4e5f851f6ef32cd1d1984957f"
    },
    "purrr": {
      "Package": "purrr",
      "Version": "0.3.4",
      "Source": "Repository",
      "Repository": "RSPM",
      "Hash": "97def703420c8ab10d8f0e6c72101e02"
    },
    "renv": {
      "Package": "renv",
      "Version": "0.14.0",
      "Source": "Repository",
      "Repository": "CRAN",
      "Hash": "30e5eba91b67f7f4d75d31de14bbfbdc"
    },
    "reshape": {
      "Package": "reshape",
      "Version": "0.8.8",
      "Source": "Repository",
      "Repository": "CRAN",
      "Hash": "0f4d941129e00ed34a7d192b1da7ccef"
    },
    "rlang": {
      "Package": "rlang",
      "Version": "0.4.10",
      "Source": "Repository",
      "Repository": "RSPM",
      "Hash": "599df23c40a4fce9c7b4764f28c37857"
    },
    "sandwich": {
      "Package": "sandwich",
      "Version": "3.0-1",
      "Source": "Repository",
      "Repository": "CRAN",
      "Hash": "b79279ca91d53a98de8144852b67a1d0"
    },
    "survival": {
      "Package": "survival",
      "Version": "3.2-13",
      "Source": "Repository",
      "Repository": "CRAN",
      "Hash": "6f0a0fadc63bc6570fe172770f15bbc4"
    },
    "sys": {
      "Package": "sys",
      "Version": "3.4",
      "Source": "Repository",
      "Repository": "RSPM",
      "Hash": "b227d13e29222b4574486cfcbde077fa"
    },
    "teRcenHttp": {
      "Package": "teRcenHttp",
      "Version": "1.0.21",
      "Source": "Repository",
      "Repository": "TERCEN",
      "Hash": "18e6c920fb7ddb33ea4e265098ca24c9"
    },
    "tercen": {
      "Package": "tercen",
      "Version": "0.10.8",
      "Source": "Repository",
      "Repository": "TERCEN",
      "Hash": "7676dd098faf9b2267411f8f129f5d8b"
    },
    "tibble": {
      "Package": "tibble",
      "Version": "3.1.0",
      "Source": "Repository",
      "Repository": "RSPM",
      "Hash": "4d894a114dbd4ecafeda5074e7c538e6"
    },
    "tidyselect": {
      "Package": "tidyselect",
      "Version": "1.1.0",
      "Source": "Repository",
      "Repository": "RSPM",
      "Hash": "6ea435c354e8448819627cf686f66e0a"
    },
    "utf8": {
      "Package": "utf8",
      "Version": "1.1.4",
      "Source": "Repository",
      "Repository": "RSPM",
      "Hash": "4a5081acfb7b81a572e4384a7aaf2af1"
    },
    "vctrs": {
      "Package": "vctrs",
      "Version": "0.3.6",
      "Source": "Repository",
      "Repository": "RSPM",
      "Hash": "5cf1957f93076c19fdc81d01409d240b"
    },
    "yaml": {
      "Package": "yaml",
      "Version": "2.2.1",
      "Source": "Repository",
      "Repository": "RSPM",
      "Hash": "2826c5d9efb0a88f657c7a679c7106db"
    },
    "zoo": {
      "Package": "zoo",
      "Version": "1.8-9",
      "Source": "Repository",
      "Repository": "CRAN",
      "Hash": "035d1c7c12593038c26fb1c2fd40c4d2"
    }
  }
}
